{
  "name": "typstslideviewer",
  "version": "0.1.0",
  "lockfileVersion": 3,
  "requires": true,
  "packages": {
    "": {
      "name": "typstslideviewer",
      "version": "0.1.0",
      "dependencies": {
        "fzstd": "0.1.1",
        "tarts": "2.0.1"
      },
      "bin": {
        "gen-slide": "bin/gen-slide.js"
      },
      "engines": {
        "node": ">=22.15.0"
      }
    },
    "node_modules/fzstd": {
      "version": "0.1.1",
      "resolved": "https://registry.npmjs.org/fzstd/-/fzstd-0.1.1.tgz",
      "integrity": "sha512-dkuVSOKKwh3eas5VkJy1AW1vFpet8TA/fGmVA5krThl8YcOVE/8ZIoEA1+U1vEn5ckxxhLirSdY837azmbaNHA==",
      "license": "MIT"
    },
    "node_modules/tarts": {
      "version": "2.0.1",
      "resolved": "https://registry.npmjs.org/tarts/-/tarts-2.0.1.tgz",
      "integrity": "sha512-24hWg+6mn/v6Z2ekwmYhzk7zZajzjIN5KNjaKe9qmU5HdsF21/KE0qmsXLie4suE3rjqxj5lT5cKpjt77w+LyQ==",
      "license": "WTFPL"
    }
  }
}
